
Microsoft Visual Studio Solution File, Format Version 12.00
# Visual Studio Version 17
VisualStudioVersion = 17.4.33213.308
MinimumVisualStudioVersion = 10.0.40219.1
Project("{FAE04EC0-301F-11D3-BF4B-00C04F79EFBC}") = "BT10", "BT10\BT10.csproj", "{89CF5B36-A176-4D5D-A0AA-43C24979FDC8}"
EndProject
Global
	GlobalSection(SolutionConfigurationPlatforms) = preSolution
		Debug|Any CPU = Debug|Any CPU
		Release|Any CPU = Release|Any CPU
	EndGlobalSection
	GlobalSection(ProjectConfigurationPlatforms) = postSolution
		{89CF5B36-A176-4D5D-A0AA-43C24979FDC8}.Debug|Any CPU.ActiveCfg = Debug|Any CPU
		{89CF5B36-A176-4D5D-A0AA-43C24979FDC8}.Debug|Any CPU.Build.0 = Debug|Any CPU
		{89CF5B36-A176-4D5D-A0AA-43C24979FDC8}.Release|Any CPU.ActiveCfg = Release|Any CPU
		{89CF5B36-A176-4D5D-A0AA-43C24979FDC8}.Release|Any CPU.Build.0 = Release|Any CPU
	EndGlobalSection
	GlobalSection(SolutionProperties) = preSolution
		HideSolutionNode = FALSE
	EndGlobalSection
	GlobalSection(ExtensibilityGlobals) = postSolution
		SolutionGuid = {2A17B4CC-757C-453D-8532-94B136D26D40}
	EndGlobalSection
EndGlobal
